
Microsoft Visual Studio Solution File, Format Version 12.00
# Visual Studio Version 17
VisualStudioVersion = 17.14.36616.10 d17.14
MinimumVisualStudioVersion = 10.0.40219.1
Project("{FAE04EC0-301F-11D3-BF4B-00C04F79EFBC}") = "KuantumOdev", "KuantumOdev\KuantumOdev.csproj", "{41F9CDE8-8491-4F1E-B060-C2806211B659}"
EndProject
Global
	GlobalSection(SolutionConfigurationPlatforms) = preSolution
		Debug|Any CPU = Debug|Any CPU
		Release|Any CPU = Release|Any CPU
	EndGlobalSection
	GlobalSection(ProjectConfigurationPlatforms) = postSolution
		{41F9CDE8-8491-4F1E-B060-C2806211B659}.Debug|Any CPU.ActiveCfg = Debug|Any CPU
		{41F9CDE8-8491-4F1E-B060-C2806211B659}.Debug|Any CPU.Build.0 = Debug|Any CPU
		{41F9CDE8-8491-4F1E-B060-C2806211B659}.Release|Any CPU.ActiveCfg = Release|Any CPU
		{41F9CDE8-8491-4F1E-B060-C2806211B659}.Release|Any CPU.Build.0 = Release|Any CPU
	EndGlobalSection
	GlobalSection(SolutionProperties) = preSolution
		HideSolutionNode = FALSE
	EndGlobalSection
	GlobalSection(ExtensibilityGlobals) = postSolution
		SolutionGuid = {04CC6C25-FC39-4F32-BF96-F0F5EEC3CA10}
	EndGlobalSection
EndGlobal
